// !$*UTF8*$!
{
	archiveVersion = 1;
	classes = {
	};
	objectVersion = 46;
	objects = {

/* Begin PBXBuildFile section */
		3E5C00F61D1CF6F600A42818 /* main.m in Sources */ = {isa = PBXBuildFile; fileRef = 3E5C00F51D1CF6F600A42818 /* main.m */; };
		3E5C00F91D1CF6F600A42818 /* AppDelegate.m in Sources */ = {isa = PBXBuildFile; fileRef = 3E5C00F81D1CF6F600A42818 /* AppDelegate.m */; };
		3E5C00FC1D1CF6F600A42818 /* ViewController.m in Sources */ = {isa = PBXBuildFile; fileRef = 3E5C00FB1D1CF6F600A42818 /* ViewController.m */; };
		3E5C00FF1D1CF6F600A42818 /* Main.storyboard in Resources */ = {isa = PBXBuildFile; fileRef = 3E5C00FD1D1CF6F600A42818 /* Main.storyboard */; };
		3E5C01011D1CF6F600A42818 /* Assets.xcassets in Resources */ = {isa = PBXBuildFile; fileRef = 3E5C01001D1CF6F600A42818 /* Assets.xcassets */; };
		3E5C01041D1CF6F600A42818 /* LaunchScreen.storyboard in Resources */ = {isa = PBXBuildFile; fileRef = 3E5C01021D1CF6F600A42818 /* LaunchScreen.storyboard */; };
		3E5C010F1D1CF6F600A42818 /* Pthread__Tests.m in Sources */ = {isa = PBXBuildFile; fileRef = 3E5C010E1D1CF6F600A42818 /* Pthread__Tests.m */; };
		3E5C011A1D1CF6F600A42818 /* Pthread__UITests.m in Sources */ = {isa = PBXBuildFile; fileRef = 3E5C01191D1CF6F600A42818 /* Pthread__UITests.m */; };
/* End PBXBuildFile section */

/* Begin PBXContainerItemProxy section */
		3E5C010B1D1CF6F600A42818 /* PBXContainerItemProxy */ = {
			isa = PBXContainerItemProxy;
			containerPortal = 3E5C00E91D1CF6F600A42818 /* Project object */;
			proxyType = 1;
			remoteGlobalIDString = 3E5C00F01D1CF6F600A42818;
			remoteInfo = "Pthread分享";
		};
		3E5C01161D1CF6F600A42818 /* PBXContainerItemProxy */ = {
			isa = PBXContainerItemProxy;
			containerPortal = 3E5C00E91D1CF6F600A42818 /* Project object */;
			proxyType = 1;
			remoteGlobalIDString = 3E5C00F01D1CF6F600A42818;
			remoteInfo = "Pthread分享";
		};
/* End PBXContainerItemProxy section */

/* Begin PBXFileReference section */
		3E5C00F11D1CF6F600A42818 /* Pthread分享.app */ = {isa = PBXFileReference; explicitFileType = wrapper.application; includeInIndex = 0; path = "Pthread分享.app"; sourceTree = BUILT_PRODUCTS_DIR; };
		3E5C00F51D1CF6F600A42818 /* main.m */ = {isa = PBXFileReference; lastKnownFileType = sourcecode.c.objc; path = main.m; sourceTree = "<group>"; };
		3E5C00F71D1CF6F600A42818 /* AppDelegate.h */ = {isa = PBXFileReference; lastKnownFileType = sourcecode.c.h; path = AppDelegate.h; sourceTree = "<group>"; };
		3E5C00F81D1CF6F600A42818 /* AppDelegate.m */ = {isa = PBXFileReference; lastKnownFileType = sourcecode.c.objc; path = AppDelegate.m; sourceTree = "<group>"; };
		3E5C00FA1D1CF6F600A42818 /* ViewController.h */ = {isa = PBXFileReference; lastKnownFileType = sourcecode.c.h; path = ViewController.h; sourceTree = "<group>"; };
		3E5C00FB1D1CF6F600A42818 /* ViewController.m */ = {isa = PBXFileReference; lastKnownFileType = sourcecode.c.objc; path = ViewController.m; sourceTree = "<group>"; };
		3E5C00FE1D1CF6F600A42818 /* Base */ = {isa = PBXFileReference; lastKnownFileType = file.storyboard; name = Base; path = Base.lproj/Main.storyboard; sourceTree = "<group>"; };
		3E5C01001D1CF6F600A42818 /* Assets.xcassets */ = {isa = PBXFileReference; lastKnownFileType = folder.assetcatalog; path = Assets.xcassets; sourceTree = "<group>"; };
		3E5C01031D1CF6F600A42818 /* Base */ = {isa = PBXFileReference; lastKnownFileType = file.storyboard; name = Base; path = Base.lproj/LaunchScreen.storyboard; sourceTree = "<group>"; };
		3E5C01051D1CF6F600A42818 /* Info.plist */ = {isa = PBXFileReference; lastKnownFileType = text.plist.xml; path = Info.plist; sourceTree = "<group>"; };
		3E5C010A1D1CF6F600A42818 /* Pthread分享Tests.xctest */ = {isa = PBXFileReference; explicitFileType = wrapper.cfbundle; includeInIndex = 0; path = "Pthread分享Tests.xctest"; sourceTree = BUILT_PRODUCTS_DIR; };
		3E5C010E1D1CF6F600A42818 /* Pthread__Tests.m */ = {isa = PBXFileReference; lastKnownFileType = sourcecode.c.objc; path = Pthread__Tests.m; sourceTree = "<group>"; };
		3E5C01101D1CF6F600A42818 /* Info.plist */ = {isa = PBXFileReference; lastKnownFileType = text.plist.xml; path = Info.plist; sourceTree = "<group>"; };
		3E5C01151D1CF6F600A42818 /* Pthread分享UITests.xctest */ = {isa = PBXFileReference; explicitFileType = wrapper.cfbundle; includeInIndex = 0; path = "Pthread分享UITests.xctest"; sourceTree = BUILT_PRODUCTS_DIR; };
		3E5C01191D1CF6F600A42818 /* Pthread__UITests.m */ = {isa = PBXFileReference; lastKnownFileType = sourcecode.c.objc; path = Pthread__UITests.m; sourceTree = "<group>"; };
		3E5C011B1D1CF6F600A42818 /* Info.plist */ = {isa = PBXFileReference; lastKnownFileType = text.plist.xml; path = Info.plist; sourceTree = "<group>"; };
/* End PBXFileReference section */

/* Begin PBXFrameworksBuildPhase section */
		3E5C00EE1D1CF6F600A42818 /* Frameworks */ = {
			isa = PBXFrameworksBuildPhase;
			buildActionMask = 2147483647;
			files = (
			);
			runOnlyForDeploymentPostprocessing = 0;
		};
		3E5C01071D1CF6F600A42818 /* Frameworks */ = {
			isa = PBXFrameworksBuildPhase;
			buildActionMask = 2147483647;
			files = (
			);
			runOnlyForDeploymentPostprocessing = 0;
		};
		3E5C01121D1CF6F600A42818 /* Frameworks */ = {
			isa = PBXFrameworksBuildPhase;
			buildActionMask = 2147483647;
			files = (
			);
			runOnlyForDeploymentPostprocessing = 0;
		};
/* End PBXFrameworksBuildPhase section */

/* Begin PBXGroup section */
		3E5C00E81D1CF6F600A42818 = {
			isa = PBXGroup;
			children = (
				3E5C00F31D1CF6F600A42818 /* Pthread分享 */,
				3E5C010D1D1CF6F600A42818 /* Pthread分享Tests */,
				3E5C01181D1CF6F600A42818 /* Pthread分享UITests */,
				3E5C00F21D1CF6F600A42818 /* Products */,
			);
			sourceTree = "<group>";
		};
		3E5C00F21D1CF6F600A42818 /* Products */ = {
			isa = PBXGroup;
			children = (
				3E5C00F11D1CF6F600A42818 /* Pthread分享.app */,
				3E5C010A1D1CF6F600A42818 /* Pthread分享Tests.xctest */,
				3E5C01151D1CF6F600A42818 /* Pthread分享UITests.xctest */,
			);
			name = Products;
			sourceTree = "<group>";
		};
		3E5C00F31D1CF6F600A42818 /* Pthread分享 */ = {
			isa = PBXGroup;
			children = (
				3E5C00F71D1CF6F600A42818 /* AppDelegate.h */,
				3E5C00F81D1CF6F600A42818 /* AppDelegate.m */,
				3E5C00FA1D1CF6F600A42818 /* ViewController.h */,
				3E5C00FB1D1CF6F600A42818 /* ViewController.m */,
				3E5C00FD1D1CF6F600A42818 /* Main.storyboard */,
				3E5C01001D1CF6F600A42818 /* Assets.xcassets */,
				3E5C01021D1CF6F600A42818 /* LaunchScreen.storyboard */,
				3E5C01051D1CF6F600A42818 /* Info.plist */,
				3E5C00F41D1CF6F600A42818 /* Supporting Files */,
			);
			path = "Pthread分享";
			sourceTree = "<group>";
		};
		3E5C00F41D1CF6F600A42818 /* Supporting Files */ = {
			isa = PBXGroup;
			children = (
				3E5C00F51D1CF6F600A42818 /* main.m */,
			);
			name = "Supporting Files";
			sourceTree = "<group>";
		};
		3E5C010D1D1CF6F600A42818 /* Pthread分享Tests */ = {
			isa = PBXGroup;
			children = (
				3E5C010E1D1CF6F600A42818 /* Pthread__Tests.m */,
				3E5C01101D1CF6F600A42818 /* Info.plist */,
			);
			path = "Pthread分享Tests";
			sourceTree = "<group>";
		};
		3E5C01181D1CF6F600A42818 /* Pthread分享UITests */ = {
			isa = PBXGroup;
			children = (
				3E5C01191D1CF6F600A42818 /* Pthread__UITests.m */,
				3E5C011B1D1CF6F600A42818 /* Info.plist */,
			);
			path = "Pthread分享UITests";
			sourceTree = "<group>";
		};
/* End PBXGroup section */

/* Begin PBXNativeTarget section */
		3E5C00F01D1CF6F600A42818 /* Pthread分享 */ = {
			isa = PBXNativeTarget;
			buildConfigurationList = 3E5C011E1D1CF6F600A42818 /* Build configuration list for PBXNativeTarget "Pthread分享" */;
			buildPhases = (
				3E5C00ED1D1CF6F600A42818 /* Sources */,
				3E5C00EE1D1CF6F600A42818 /* Frameworks */,
				3E5C00EF1D1CF6F600A42818 /* Resources */,
			);
			buildRules = (
			);
			dependencies = (
			);
			name = "Pthread分享";
			productName = "Pthread分享";
			productReference = 3E5C00F11D1CF6F600A42818 /* Pthread分享.app */;
			productType = "com.apple.product-type.application";
		};
		3E5C01091D1CF6F600A42818 /* Pthread分享Tests */ = {
			isa = PBXNativeTarget;
			buildConfigurationList = 3E5C01211D1CF6F600A42818 /* Build configuration list for PBXNativeTarget "Pthread分享Tests" */;
			buildPhases = (
				3E5C01061D1CF6F600A42818 /* Sources */,
				3E5C01071D1CF6F600A42818 /* Frameworks */,
				3E5C01081D1CF6F600A42818 /* Resources */,
			);
			buildRules = (
			);
			dependencies = (
				3E5C010C1D1CF6F600A42818 /* PBXTargetDependency */,
			);
			name = "Pthread分享Tests";
			productName = "Pthread分享Tests";
			productReference = 3E5C010A1D1CF6F600A42818 /* Pthread分享Tests.xctest */;
			productType = "com.apple.product-type.bundle.unit-test";
		};
		3E5C01141D1CF6F600A42818 /* Pthread分享UITests */ = {
			isa = PBXNativeTarget;
			buildConfigurationList = 3E5C01241D1CF6F600A42818 /* Build configuration list for PBXNativeTarget "Pthread分享UITests" */;
			buildPhases = (
				3E5C01111D1CF6F600A42818 /* Sources */,
				3E5C01121D1CF6F600A42818 /* Frameworks */,
				3E5C01131D1CF6F600A42818 /* Resources */,
			);
			buildRules = (
			);
			dependencies = (
				3E5C01171D1CF6F600A42818 /* PBXTargetDependency */,
			);
			name = "Pthread分享UITests";
			productName = "Pthread分享UITests";
			productReference = 3E5C01151D1CF6F600A42818 /* Pthread分享UITests.xctest */;
			productType = "com.apple.product-type.bundle.ui-testing";
		};
/* End PBXNativeTarget section */

/* Begin PBXProject section */
		3E5C00E91D1CF6F600A42818 /* Project object */ = {
			isa = PBXProject;
			attributes = {
				LastUpgradeCheck = 0730;
				ORGANIZATIONNAME = com.drcacom.com;
				TargetAttributes = {
					3E5C00F01D1CF6F600A42818 = {
						CreatedOnToolsVersion = 7.3;
					};
					3E5C01091D1CF6F600A42818 = {
						CreatedOnToolsVersion = 7.3;
						TestTargetID = 3E5C00F01D1CF6F600A42818;
					};
					3E5C01141D1CF6F600A42818 = {
						CreatedOnToolsVersion = 7.3;
						TestTargetID = 3E5C00F01D1CF6F600A42818;
					};
				};
			};
			buildConfigurationList = 3E5C00EC1D1CF6F600A42818 /* Build configuration list for PBXProject "Pthread分享" */;
			compatibilityVersion = "Xcode 3.2";
			developmentRegion = English;
			hasScannedForEncodings = 0;
			knownRegions = (
				en,
				Base,
			);
			mainGroup = 3E5C00E81D1CF6F600A42818;
			productRefGroup = 3E5C00F21D1CF6F600A42818 /* Products */;
			projectDirPath = "";
			projectRoot = "";
			targets = (
				3E5C00F01D1CF6F600A42818 /* Pthread分享 */,
				3E5C01091D1CF6F600A42818 /* Pthread分享Tests */,
				3E5C01141D1CF6F600A42818 /* Pthread分享UITests */,
			);
		};
/* End PBXProject section */

/* Begin PBXResourcesBuildPhase section */
		3E5C00EF1D1CF6F600A42818 /* Resources */ = {
			isa = PBXResourcesBuildPhase;
			buildActionMask = 2147483647;
			files = (
				3E5C01041D1CF6F600A42818 /* LaunchScreen.storyboard in Resources */,
				3E5C01011D1CF6F600A42818 /* Assets.xcassets in Resources */,
				3E5C00FF1D1CF6F600A42818 /* Main.storyboard in Resources */,
			);
			runOnlyForDeploymentPostprocessing = 0;
		};
		3E5C01081D1CF6F600A42818 /* Resources */ = {
			isa = PBXResourcesBuildPhase;
			buildActionMask = 2147483647;
			files = (
			);
			runOnlyForDeploymentPostprocessing = 0;
		};
		3E5C01131D1CF6F600A42818 /* Resources */ = {
			isa = PBXResourcesBuildPhase;
			buildActionMask = 2147483647;
			files = (
			);
			runOnlyForDeploymentPostprocessing = 0;
		};
/* End PBXResourcesBuildPhase section */

/* Begin PBXSourcesBuildPhase section */
		3E5C00ED1D1CF6F600A42818 /* Sources */ = {
			isa = PBXSourcesBuildPhase;
			buildActionMask = 2147483647;
			files = (
				3E5C00FC1D1CF6F600A42818 /* ViewController.m in Sources */,
				3E5C00F91D1CF6F600A42818 /* AppDelegate.m in Sources */,
				3E5C00F61D1CF6F600A42818 /* main.m in Sources */,
			);
			runOnlyForDeploymentPostprocessing = 0;
		};
		3E5C01061D1CF6F600A42818 /* Sources */ = {
			isa = PBXSourcesBuildPhase;
			buildActionMask = 2147483647;
			files = (
				3E5C010F1D1CF6F600A42818 /* Pthread__Tests.m in Sources */,
			);
			runOnlyForDeploymentPostprocessing = 0;
		};
		3E5C01111D1CF6F600A42818 /* Sources */ = {
			isa = PBXSourcesBuildPhase;
			buildActionMask = 2147483647;
			files = (
				3E5C011A1D1CF6F600A42818 /* Pthread__UITests.m in Sources */,
			);
			runOnlyForDeploymentPostprocessing = 0;
		};
/* End PBXSourcesBuildPhase section */

/* Begin PBXTargetDependency section */
		3E5C010C1D1CF6F600A42818 /* PBXTargetDependency */ = {
			isa = PBXTargetDependency;
			target = 3E5C00F01D1CF6F600A42818 /* Pthread分享 */;
			targetProxy = 3E5C010B1D1CF6F600A42818 /* PBXContainerItemProxy */;
		};
		3E5C01171D1CF6F600A42818 /* PBXTargetDependency */ = {
			isa = PBXTargetDependency;
			target = 3E5C00F01D1CF6F600A42818 /* Pthread分享 */;
			targetProxy = 3E5C01161D1CF6F600A42818 /* PBXContainerItemProxy */;
		};
/* End PBXTargetDependency section */

/* Begin PBXVariantGroup section */
		3E5C00FD1D1CF6F600A42818 /* Main.storyboard */ = {
			isa = PBXVariantGroup;
			children = (
				3E5C00FE1D1CF6F600A42818 /* Base */,
			);
			name = Main.storyboard;
			sourceTree = "<group>";
		};
		3E5C01021D1CF6F600A42818 /* LaunchScreen.storyboard */ = {
			isa = PBXVariantGroup;
			children = (
				3E5C01031D1CF6F600A42818 /* Base */,
			);
			name = LaunchScreen.storyboard;
			sourceTree = "<group>";
		};
/* End PBXVariantGroup section */

/* Begin XCBuildConfiguration section */
		3E5C011C1D1CF6F600A42818 /* Debug */ = {
			isa = XCBuildConfiguration;
			buildSettings = {
				ALWAYS_SEARCH_USER_PATHS = NO;
				CLANG_ANALYZER_NONNULL = YES;
				CLANG_CXX_LANGUAGE_STANDARD = "gnu++0x";
				CLANG_CXX_LIBRARY = "libc++";
				CLANG_ENABLE_MODULES = YES;
				CLANG_ENABLE_OBJC_ARC = YES;
				CLANG_WARN_BOOL_CONVERSION = YES;
				CLANG_WARN_CONSTANT_CONVERSION = YES;
				CLANG_WARN_DIRECT_OBJC_ISA_USAGE = YES_ERROR;
				CLANG_WARN_EMPTY_BODY = YES;
				CLANG_WARN_ENUM_CONVERSION = YES;
				CLANG_WARN_INT_CONVERSION = YES;
				CLANG_WARN_OBJC_ROOT_CLASS = YES_ERROR;
				CLANG_WARN_UNREACHABLE_CODE = YES;
				CLANG_WARN__DUPLICATE_METHOD_MATCH = YES;
				"CODE_SIGN_IDENTITY[sdk=iphoneos*]" = "iPhone Developer";
				COPY_PHASE_STRIP = NO;
				DEBUG_INFORMATION_FORMAT = dwarf;
				ENABLE_STRICT_OBJC_MSGSEND = YES;
				ENABLE_TESTABILITY = YES;
				GCC_C_LANGUAGE_STANDARD = gnu99;
				GCC_DYNAMIC_NO_PIC = NO;
				GCC_NO_COMMON_BLOCKS = YES;
				GCC_OPTIMIZATION_LEVEL = 0;
				GCC_PREPROCESSOR_DEFINITIONS = (
					"DEBUG=1",
					"$(inherited)",
				);
				GCC_WARN_64_TO_32_BIT_CONVERSION = YES;
				GCC_WARN_ABOUT_RETURN_TYPE = YES_ERROR;
				GCC_WARN_UNDECLARED_SELECTOR = YES;
				GCC_WARN_UNINITIALIZED_AUTOS = YES_AGGRESSIVE;
				GCC_WARN_UNUSED_FUNCTION = YES;
				GCC_WARN_UNUSED_VARIABLE = YES;
				IPHONEOS_DEPLOYMENT_TARGET = 9.3;
				MTL_ENABLE_DEBUG_INFO = YES;
				ONLY_ACTIVE_ARCH = YES;
				SDKROOT = iphoneos;
				TARGETED_DEVICE_FAMILY = "1,2";
			};
			name = Debug;
		};
		3E5C011D1D1CF6F600A42818 /* Release */ = {
			isa = XCBuildConfiguration;
			buildSettings = {
				ALWAYS_SEARCH_USER_PATHS = NO;
				CLANG_ANALYZER_NONNULL = YES;
				CLANG_CXX_LANGUAGE_STANDARD = "gnu++0x";
				CLANG_CXX_LIBRARY = "libc++";
				CLANG_ENABLE_MODULES = YES;
				CLANG_ENABLE_OBJC_ARC = YES;
				CLANG_WARN_BOOL_CONVERSION = YES;
				CLANG_WARN_CONSTANT_CONVERSION = YES;
				CLANG_WARN_DIRECT_OBJC_ISA_USAGE = YES_ERROR;
				CLANG_WARN_EMPTY_BODY = YES;
				CLANG_WARN_ENUM_CONVERSION = YES;
				CLANG_WARN_INT_CONVERSION = YES;
				CLANG_WARN_OBJC_ROOT_CLASS = YES_ERROR;
				CLANG_WARN_UNREACHABLE_CODE = YES;
				CLANG_WARN__DUPLICATE_METHOD_MATCH = YES;
				"CODE_SIGN_IDENTITY[sdk=iphoneos*]" = "iPhone Developer";
				COPY_PHASE_STRIP = NO;
				DEBUG_INFORMATION_FORMAT = "dwarf-with-dsym";
				ENABLE_NS_ASSERTIONS = NO;
				ENABLE_STRICT_OBJC_MSGSEND = YES;
				GCC_C_LANGUAGE_STANDARD = gnu99;
				GCC_NO_COMMON_BLOCKS = YES;
				GCC_WARN_64_TO_32_BIT_CONVERSION = YES;
				GCC_WARN_ABOUT_RETURN_TYPE = YES_ERROR;
				GCC_WARN_UNDECLARED_SELECTOR = YES;
				GCC_WARN_UNINITIALIZED_AUTOS = YES_AGGRESSIVE;
				GCC_WARN_UNUSED_FUNCTION = YES;
				GCC_WARN_UNUSED_VARIABLE = YES;
				IPHONEOS_DEPLOYMENT_TARGET = 9.3;
				MTL_ENABLE_DEBUG_INFO = NO;
				SDKROOT = iphoneos;
				TARGETED_DEVICE_FAMILY = "1,2";
				VALIDATE_PRODUCT = YES;
			};
			name = Release;
		};
		3E5C011F1D1CF6F600A42818 /* Debug */ = {
			isa = XCBuildConfiguration;
			buildSettings = {
				ASSETCATALOG_COMPILER_APPICON_NAME = AppIcon;
				INFOPLIST_FILE = "Pthread分享/Info.plist";
				LD_RUNPATH_SEARCH_PATHS = "$(inherited) @executable_path/Frameworks";
				PRODUCT_BUNDLE_IDENTIFIER = "com.drcacom.com.Pthread--";
				PRODUCT_NAME = "$(TARGET_NAME)";
			};
			name = Debug;
		};
		3E5C01201D1CF6F600A42818 /* Release */ = {
			isa = XCBuildConfiguration;
			buildSettings = {
				ASSETCATALOG_COMPILER_APPICON_NAME = AppIcon;
				INFOPLIST_FILE = "Pthread分享/Info.plist";
				LD_RUNPATH_SEARCH_PATHS = "$(inherited) @executable_path/Frameworks";
				PRODUCT_BUNDLE_IDENTIFIER = "com.drcacom.com.Pthread--";
				PRODUCT_NAME = "$(TARGET_NAME)";
			};
			name = Release;
		};
		3E5C01221D1CF6F600A42818 /* Debug */ = {
			isa = XCBuildConfiguration;
			buildSettings = {
				BUNDLE_LOADER = "$(TEST_HOST)";
				INFOPLIST_FILE = "Pthread分享Tests/Info.plist";
				LD_RUNPATH_SEARCH_PATHS = "$(inherited) @executable_path/Frameworks @loader_path/Frameworks";
				PRODUCT_BUNDLE_IDENTIFIER = "com.drcacom.com.Pthread--Tests";
				PRODUCT_NAME = "$(TARGET_NAME)";
				TEST_HOST = "$(BUILT_PRODUCTS_DIR)/Pthread分享.app/Pthread分享";
			};
			name = Debug;
		};
		3E5C01231D1CF6F600A42818 /* Release */ = {
			isa = XCBuildConfiguration;
			buildSettings = {
				BUNDLE_LOADER = "$(TEST_HOST)";
				INFOPLIST_FILE = "Pthread分享Tests/Info.plist";
				LD_RUNPATH_SEARCH_PATHS = "$(inherited) @executable_path/Frameworks @loader_path/Frameworks";
				PRODUCT_BUNDLE_IDENTIFIER = "com.drcacom.com.Pthread--Tests";
				PRODUCT_NAME = "$(TARGET_NAME)";
				TEST_HOST = "$(BUILT_PRODUCTS_DIR)/Pthread分享.app/Pthread分享";
			};
			name = Release;
		};
		3E5C01251D1CF6F600A42818 /* Debug */ = {
			isa = XCBuildConfiguration;
			buildSettings = {
				INFOPLIST_FILE = "Pthread分享UITests/Info.plist";
				LD_RUNPATH_SEARCH_PATHS = "$(inherited) @executable_path/Frameworks @loader_path/Frameworks";
				PRODUCT_BUNDLE_IDENTIFIER = "com.drcacom.com.Pthread--UITests";
				PRODUCT_NAME = "$(TARGET_NAME)";
				TEST_TARGET_NAME = "Pthread分享";
			};
			name = Debug;
		};
		3E5C01261D1CF6F600A42818 /* Release */ = {
			isa = XCBuildConfiguration;
			buildSettings = {
				INFOPLIST_FILE = "Pthread分享UITests/Info.plist";
				LD_RUNPATH_SEARCH_PATHS = "$(inherited) @executable_path/Frameworks @loader_path/Frameworks";
				PRODUCT_BUNDLE_IDENTIFIER = "com.drcacom.com.Pthread--UITests";
				PRODUCT_NAME = "$(TARGET_NAME)";
				TEST_TARGET_NAME = "Pthread分享";
			};
			name = Release;
		};
/* End XCBuildConfiguration section */

/* Begin XCConfigurationList section */
		3E5C00EC1D1CF6F600A42818 /* Build configuration list for PBXProject "Pthread分享" */ = {
			isa = XCConfigurationList;
			buildConfigurations = (
				3E5C011C1D1CF6F600A42818 /* Debug */,
				3E5C011D1D1CF6F600A42818 /* Release */,
			);
			defaultConfigurationIsVisible = 0;
			defaultConfigurationName = Release;
		};
		3E5C011E1D1CF6F600A42818 /* Build configuration list for PBXNativeTarget "Pthread分享" */ = {
			isa = XCConfigurationList;
			buildConfigurations = (
				3E5C011F1D1CF6F600A42818 /* Debug */,
				3E5C01201D1CF6F600A42818 /* Release */,
			);
			defaultConfigurationIsVisible = 0;
		};
		3E5C01211D1CF6F600A42818 /* Build configuration list for PBXNativeTarget "Pthread分享Tests" */ = {
			isa = XCConfigurationList;
			buildConfigurations = (
				3E5C01221D1CF6F600A42818 /* Debug */,
				3E5C01231D1CF6F600A42818 /* Release */,
			);
			defaultConfigurationIsVisible = 0;
		};
		3E5C01241D1CF6F600A42818 /* Build configuration list for PBXNativeTarget "Pthread分享UITests" */ = {
			isa = XCConfigurationList;
			buildConfigurations = (
				3E5C01251D1CF6F600A42818 /* Debug */,
				3E5C01261D1CF6F600A42818 /* Release */,
			);
			defaultConfigurationIsVisible = 0;
		};
/* End XCConfigurationList section */
	};
	rootObject = 3E5C00E91D1CF6F600A42818 /* Project object */;
}
